// !$*UTF8*$!
{
	archiveVersion = 1;
	classes = {
	};
	objectVersion = 55;
	objects = {

/* Begin PBXBuildFile section */
		00207BEE2814094200D07F87 /* View4.swift in Sources */ = {isa = PBXBuildFile; fileRef = 00207BED2814094200D07F87 /* View4.swift */; };
		00207BF02814094F00D07F87 /* View5.swift in Sources */ = {isa = PBXBuildFile; fileRef = 00207BEF2814094F00D07F87 /* View5.swift */; };
		00207BF22814095C00D07F87 /* View6.swift in Sources */ = {isa = PBXBuildFile; fileRef = 00207BF12814095C00D07F87 /* View6.swift */; };
		00207BF42814100300D07F87 /* View7.swift in Sources */ = {isa = PBXBuildFile; fileRef = 00207BF32814100300D07F87 /* View7.swift */; };
		021A6D18281160250015CE31 /* View1.swift in Sources */ = {isa = PBXBuildFile; fileRef = 021A6D17281160250015CE31 /* View1.swift */; };
		021A6D1A2811602F0015CE31 /* View2.swift in Sources */ = {isa = PBXBuildFile; fileRef = 021A6D192811602F0015CE31 /* View2.swift */; };
		021A6D1C281160390015CE31 /* View3.swift in Sources */ = {isa = PBXBuildFile; fileRef = 021A6D1B281160390015CE31 /* View3.swift */; };
		02E762C5280E8BCC00B82CC6 /* LifeCycleTest0419App.swift in Sources */ = {isa = PBXBuildFile; fileRef = 02E762C4280E8BCC00B82CC6 /* LifeCycleTest0419App.swift */; };
		02E762C7280E8BCC00B82CC6 /* ContentView.swift in Sources */ = {isa = PBXBuildFile; fileRef = 02E762C6280E8BCC00B82CC6 /* ContentView.swift */; };
		02E762C9280E8BCE00B82CC6 /* Assets.xcassets in Resources */ = {isa = PBXBuildFile; fileRef = 02E762C8280E8BCE00B82CC6 /* Assets.xcassets */; };
		02E762CC280E8BCE00B82CC6 /* Preview Assets.xcassets in Resources */ = {isa = PBXBuildFile; fileRef = 02E762CB280E8BCE00B82CC6 /* Preview Assets.xcassets */; };
		02E762D5280E8C0F00B82CC6 /* LoginView.swift in Sources */ = {isa = PBXBuildFile; fileRef = 02E762D4280E8C0F00B82CC6 /* LoginView.swift */; };
		02E762D7280E8C2900B82CC6 /* IntroductionView.swift in Sources */ = {isa = PBXBuildFile; fileRef = 02E762D6280E8C2900B82CC6 /* IntroductionView.swift */; };
		02E762D9280E8CDC00B82CC6 /* PageViewModel.swift in Sources */ = {isa = PBXBuildFile; fileRef = 02E762D8280E8CDC00B82CC6 /* PageViewModel.swift */; };
/* End PBXBuildFile section */

/* Begin PBXFileReference section */
		00207BED2814094200D07F87 /* View4.swift */ = {isa = PBXFileReference; lastKnownFileType = sourcecode.swift; path = View4.swift; sourceTree = "<group>"; };
		00207BEF2814094F00D07F87 /* View5.swift */ = {isa = PBXFileReference; lastKnownFileType = sourcecode.swift; path = View5.swift; sourceTree = "<group>"; };
		00207BF12814095C00D07F87 /* View6.swift */ = {isa = PBXFileReference; lastKnownFileType = sourcecode.swift; path = View6.swift; sourceTree = "<group>"; };
		00207BF32814100300D07F87 /* View7.swift */ = {isa = PBXFileReference; lastKnownFileType = sourcecode.swift; path = View7.swift; sourceTree = "<group>"; };
		021A6D17281160250015CE31 /* View1.swift */ = {isa = PBXFileReference; lastKnownFileType = sourcecode.swift; path = View1.swift; sourceTree = "<group>"; };
		021A6D192811602F0015CE31 /* View2.swift */ = {isa = PBXFileReference; lastKnownFileType = sourcecode.swift; path = View2.swift; sourceTree = "<group>"; };
		021A6D1B281160390015CE31 /* View3.swift */ = {isa = PBXFileReference; lastKnownFileType = sourcecode.swift; path = View3.swift; sourceTree = "<group>"; };
		02E762C1280E8BCC00B82CC6 /* LifeCycleTest0419.app */ = {isa = PBXFileReference; explicitFileType = wrapper.application; includeInIndex = 0; path = LifeCycleTest0419.app; sourceTree = BUILT_PRODUCTS_DIR; };
		02E762C4280E8BCC00B82CC6 /* LifeCycleTest0419App.swift */ = {isa = PBXFileReference; lastKnownFileType = sourcecode.swift; path = LifeCycleTest0419App.swift; sourceTree = "<group>"; };
		02E762C6280E8BCC00B82CC6 /* ContentView.swift */ = {isa = PBXFileReference; lastKnownFileType = sourcecode.swift; path = ContentView.swift; sourceTree = "<group>"; };
		02E762C8280E8BCE00B82CC6 /* Assets.xcassets */ = {isa = PBXFileReference; lastKnownFileType = folder.assetcatalog; path = Assets.xcassets; sourceTree = "<group>"; };
		02E762CB280E8BCE00B82CC6 /* Preview Assets.xcassets */ = {isa = PBXFileReference; lastKnownFileType = folder.assetcatalog; path = "Preview Assets.xcassets"; sourceTree = "<group>"; };
		02E762D4280E8C0F00B82CC6 /* LoginView.swift */ = {isa = PBXFileReference; lastKnownFileType = sourcecode.swift; path = LoginView.swift; sourceTree = "<group>"; };
		02E762D6280E8C2900B82CC6 /* IntroductionView.swift */ = {isa = PBXFileReference; lastKnownFileType = sourcecode.swift; path = IntroductionView.swift; sourceTree = "<group>"; };
		02E762D8280E8CDC00B82CC6 /* PageViewModel.swift */ = {isa = PBXFileReference; lastKnownFileType = sourcecode.swift; path = PageViewModel.swift; sourceTree = "<group>"; };
/* End PBXFileReference section */

/* Begin PBXFrameworksBuildPhase section */
		02E762BE280E8BCC00B82CC6 /* Frameworks */ = {
			isa = PBXFrameworksBuildPhase;
			buildActionMask = 2147483647;
			files = (
			);
			runOnlyForDeploymentPostprocessing = 0;
		};
/* End PBXFrameworksBuildPhase section */

/* Begin PBXGroup section */
		02E762B8280E8BCC00B82CC6 = {
			isa = PBXGroup;
			children = (
				02E762C3280E8BCC00B82CC6 /* LifeCycleTest0419 */,
				02E762C2280E8BCC00B82CC6 /* Products */,
			);
			sourceTree = "<group>";
		};
		02E762C2280E8BCC00B82CC6 /* Products */ = {
			isa = PBXGroup;
			children = (
				02E762C1280E8BCC00B82CC6 /* LifeCycleTest0419.app */,
			);
			name = Products;
			sourceTree = "<group>";
		};
		02E762C3280E8BCC00B82CC6 /* LifeCycleTest0419 */ = {
			isa = PBXGroup;
			children = (
				02E762C4280E8BCC00B82CC6 /* LifeCycleTest0419App.swift */,
				02E762D3280E8BE200B82CC6 /* View Model */,
				02E762D2280E8BDB00B82CC6 /* View */,
				02E762C8280E8BCE00B82CC6 /* Assets.xcassets */,
				02E762CA280E8BCE00B82CC6 /* Preview Content */,
			);
			path = LifeCycleTest0419;
			sourceTree = "<group>";
		};
		02E762CA280E8BCE00B82CC6 /* Preview Content */ = {
			isa = PBXGroup;
			children = (
				02E762CB280E8BCE00B82CC6 /* Preview Assets.xcassets */,
			);
			path = "Preview Content";
			sourceTree = "<group>";
		};
		02E762D2280E8BDB00B82CC6 /* View */ = {
			isa = PBXGroup;
			children = (
				02E762C6280E8BCC00B82CC6 /* ContentView.swift */,
				02E762D4280E8C0F00B82CC6 /* LoginView.swift */,
				02E762D6280E8C2900B82CC6 /* IntroductionView.swift */,
				021A6D17281160250015CE31 /* View1.swift */,
				021A6D192811602F0015CE31 /* View2.swift */,
				021A6D1B281160390015CE31 /* View3.swift */,
				00207BED2814094200D07F87 /* View4.swift */,
				00207BEF2814094F00D07F87 /* View5.swift */,
				00207BF12814095C00D07F87 /* View6.swift */,
				00207BF32814100300D07F87 /* View7.swift */,
			);
			path = View;
			sourceTree = "<group>";
		};
		02E762D3280E8BE200B82CC6 /* View Model */ = {
			isa = PBXGroup;
			children = (
				02E762D8280E8CDC00B82CC6 /* PageViewModel.swift */,
			);
			path = "View Model";
			sourceTree = "<group>";
		};
/* End PBXGroup section */

/* Begin PBXNativeTarget section */
		02E762C0280E8BCC00B82CC6 /* LifeCycleTest0419 */ = {
			isa = PBXNativeTarget;
			buildConfigurationList = 02E762CF280E8BCE00B82CC6 /* Build configuration list for PBXNativeTarget "LifeCycleTest0419" */;
			buildPhases = (
				02E762BD280E8BCC00B82CC6 /* Sources */,
				02E762BE280E8BCC00B82CC6 /* Frameworks */,
				02E762BF280E8BCC00B82CC6 /* Resources */,
			);
			buildRules = (
			);
			dependencies = (
			);
			name = LifeCycleTest0419;
			productName = LifeCycleTest0419;
			productReference = 02E762C1280E8BCC00B82CC6 /* LifeCycleTest0419.app */;
			productType = "com.apple.product-type.application";
		};
/* End PBXNativeTarget section */

/* Begin PBXProject section */
		02E762B9280E8BCC00B82CC6 /* Project object */ = {
			isa = PBXProject;
			attributes = {
				BuildIndependentTargetsInParallel = 1;
				LastSwiftUpdateCheck = 1330;
				LastUpgradeCheck = 1330;
				TargetAttributes = {
					02E762C0280E8BCC00B82CC6 = {
						CreatedOnToolsVersion = 13.3;
					};
				};
			};
			buildConfigurationList = 02E762BC280E8BCC00B82CC6 /* Build configuration list for PBXProject "LifeCycleTest0419" */;
			compatibilityVersion = "Xcode 13.0";
			developmentRegion = en;
			hasScannedForEncodings = 0;
			knownRegions = (
				en,
				Base,
			);
			mainGroup = 02E762B8280E8BCC00B82CC6;
			productRefGroup = 02E762C2280E8BCC00B82CC6 /* Products */;
			projectDirPath = "";
			projectRoot = "";
			targets = (
				02E762C0280E8BCC00B82CC6 /* LifeCycleTest0419 */,
			);
		};
/* End PBXProject section */

/* Begin PBXResourcesBuildPhase section */
		02E762BF280E8BCC00B82CC6 /* Resources */ = {
			isa = PBXResourcesBuildPhase;
			buildActionMask = 2147483647;
			files = (
				02E762CC280E8BCE00B82CC6 /* Preview Assets.xcassets in Resources */,
				02E762C9280E8BCE00B82CC6 /* Assets.xcassets in Resources */,
			);
			runOnlyForDeploymentPostprocessing = 0;
		};
/* End PBXResourcesBuildPhase section */

/* Begin PBXSourcesBuildPhase section */
		02E762BD280E8BCC00B82CC6 /* Sources */ = {
			isa = PBXSourcesBuildPhase;
			buildActionMask = 2147483647;
			files = (
				02E762D5280E8C0F00B82CC6 /* LoginView.swift in Sources */,
				02E762C7280E8BCC00B82CC6 /* ContentView.swift in Sources */,
				02E762D7280E8C2900B82CC6 /* IntroductionView.swift in Sources */,
				02E762C5280E8BCC00B82CC6 /* LifeCycleTest0419App.swift in Sources */,
				00207BF42814100300D07F87 /* View7.swift in Sources */,
				00207BEE2814094200D07F87 /* View4.swift in Sources */,
				00207BF22814095C00D07F87 /* View6.swift in Sources */,
				021A6D1C281160390015CE31 /* View3.swift in Sources */,
				021A6D1A2811602F0015CE31 /* View2.swift in Sources */,
				021A6D18281160250015CE31 /* View1.swift in Sources */,
				00207BF02814094F00D07F87 /* View5.swift in Sources */,
				02E762D9280E8CDC00B82CC6 /* PageViewModel.swift in Sources */,
			);
			runOnlyForDeploymentPostprocessing = 0;
		};
/* End PBXSourcesBuildPhase section */

/* Begin XCBuildConfiguration section */
		02E762CD280E8BCE00B82CC6 /* Debug */ = {
			isa = XCBuildConfiguration;
			buildSettings = {
				ALWAYS_SEARCH_USER_PATHS = NO;
				CLANG_ANALYZER_NONNULL = YES;
				CLANG_ANALYZER_NUMBER_OBJECT_CONVERSION = YES_AGGRESSIVE;
				CLANG_CXX_LANGUAGE_STANDARD = "gnu++17";
				CLANG_ENABLE_MODULES = YES;
				CLANG_ENABLE_OBJC_ARC = YES;
				CLANG_ENABLE_OBJC_WEAK = YES;
				CLANG_WARN_BLOCK_CAPTURE_AUTORELEASING = YES;
				CLANG_WARN_BOOL_CONVERSION = YES;
				CLANG_WARN_COMMA = YES;
				CLANG_WARN_CONSTANT_CONVERSION = YES;
				CLANG_WARN_DEPRECATED_OBJC_IMPLEMENTATIONS = YES;
				CLANG_WARN_DIRECT_OBJC_ISA_USAGE = YES_ERROR;
				CLANG_WARN_DOCUMENTATION_COMMENTS = YES;
				CLANG_WARN_EMPTY_BODY = YES;
				CLANG_WARN_ENUM_CONVERSION = YES;
				CLANG_WARN_INFINITE_RECURSION = YES;
				CLANG_WARN_INT_CONVERSION = YES;
				CLANG_WARN_NON_LITERAL_NULL_CONVERSION = YES;
				CLANG_WARN_OBJC_IMPLICIT_RETAIN_SELF = YES;
				CLANG_WARN_OBJC_LITERAL_CONVERSION = YES;
				CLANG_WARN_OBJC_ROOT_CLASS = YES_ERROR;
				CLANG_WARN_QUOTED_INCLUDE_IN_FRAMEWORK_HEADER = YES;
				CLANG_WARN_RANGE_LOOP_ANALYSIS = YES;
				CLANG_WARN_STRICT_PROTOTYPES = YES;
				CLANG_WARN_SUSPICIOUS_MOVE = YES;
				CLANG_WARN_UNGUARDED_AVAILABILITY = YES_AGGRESSIVE;
				CLANG_WARN_UNREACHABLE_CODE = YES;
				CLANG_WARN__DUPLICATE_METHOD_MATCH = YES;
				COPY_PHASE_STRIP = NO;
				DEBUG_INFORMATION_FORMAT = dwarf;
				ENABLE_STRICT_OBJC_MSGSEND = YES;
				ENABLE_TESTABILITY = YES;
				GCC_C_LANGUAGE_STANDARD = gnu11;
				GCC_DYNAMIC_NO_PIC = NO;
				GCC_NO_COMMON_BLOCKS = YES;
				GCC_OPTIMIZATION_LEVEL = 0;
				GCC_PREPROCESSOR_DEFINITIONS = (
					"DEBUG=1",
					"$(inherited)",
				);
				GCC_WARN_64_TO_32_BIT_CONVERSION = YES;
				GCC_WARN_ABOUT_RETURN_TYPE = YES_ERROR;
				GCC_WARN_UNDECLARED_SELECTOR = YES;
				GCC_WARN_UNINITIALIZED_AUTOS = YES_AGGRESSIVE;
				GCC_WARN_UNUSED_FUNCTION = YES;
				GCC_WARN_UNUSED_VARIABLE = YES;
				IPHONEOS_DEPLOYMENT_TARGET = 15.4;
				MTL_ENABLE_DEBUG_INFO = INCLUDE_SOURCE;
				MTL_FAST_MATH = YES;
				ONLY_ACTIVE_ARCH = YES;
				SDKROOT = iphoneos;
				SWIFT_ACTIVE_COMPILATION_CONDITIONS = DEBUG;
				SWIFT_OPTIMIZATION_LEVEL = "-Onone";
			};
			name = Debug;
		};
		02E762CE280E8BCE00B82CC6 /* Release */ = {
			isa = XCBuildConfiguration;
			buildSettings = {
				ALWAYS_SEARCH_USER_PATHS = NO;
				CLANG_ANALYZER_NONNULL = YES;
				CLANG_ANALYZER_NUMBER_OBJECT_CONVERSION = YES_AGGRESSIVE;
				CLANG_CXX_LANGUAGE_STANDARD = "gnu++17";
				CLANG_ENABLE_MODULES = YES;
				CLANG_ENABLE_OBJC_ARC = YES;
				CLANG_ENABLE_OBJC_WEAK = YES;
				CLANG_WARN_BLOCK_CAPTURE_AUTORELEASING = YES;
				CLANG_WARN_BOOL_CONVERSION = YES;
				CLANG_WARN_COMMA = YES;
				CLANG_WARN_CONSTANT_CONVERSION = YES;
				CLANG_WARN_DEPRECATED_OBJC_IMPLEMENTATIONS = YES;
				CLANG_WARN_DIRECT_OBJC_ISA_USAGE = YES_ERROR;
				CLANG_WARN_DOCUMENTATION_COMMENTS = YES;
				CLANG_WARN_EMPTY_BODY = YES;
				CLANG_WARN_ENUM_CONVERSION = YES;
				CLANG_WARN_INFINITE_RECURSION = YES;
				CLANG_WARN_INT_CONVERSION = YES;
				CLANG_WARN_NON_LITERAL_NULL_CONVERSION = YES;
				CLANG_WARN_OBJC_IMPLICIT_RETAIN_SELF = YES;
				CLANG_WARN_OBJC_LITERAL_CONVERSION = YES;
				CLANG_WARN_OBJC_ROOT_CLASS = YES_ERROR;
				CLANG_WARN_QUOTED_INCLUDE_IN_FRAMEWORK_HEADER = YES;
				CLANG_WARN_RANGE_LOOP_ANALYSIS = YES;
				CLANG_WARN_STRICT_PROTOTYPES = YES;
				CLANG_WARN_SUSPICIOUS_MOVE = YES;
				CLANG_WARN_UNGUARDED_AVAILABILITY = YES_AGGRESSIVE;
				CLANG_WARN_UNREACHABLE_CODE = YES;
				CLANG_WARN__DUPLICATE_METHOD_MATCH = YES;
				COPY_PHASE_STRIP = NO;
				DEBUG_INFORMATION_FORMAT = "dwarf-with-dsym";
				ENABLE_NS_ASSERTIONS = NO;
				ENABLE_STRICT_OBJC_MSGSEND = YES;
				GCC_C_LANGUAGE_STANDARD = gnu11;
				GCC_NO_COMMON_BLOCKS = YES;
				GCC_WARN_64_TO_32_BIT_CONVERSION = YES;
				GCC_WARN_ABOUT_RETURN_TYPE = YES_ERROR;
				GCC_WARN_UNDECLARED_SELECTOR = YES;
				GCC_WARN_UNINITIALIZED_AUTOS = YES_AGGRESSIVE;
				GCC_WARN_UNUSED_FUNCTION = YES;
				GCC_WARN_UNUSED_VARIABLE = YES;
				IPHONEOS_DEPLOYMENT_TARGET = 15.4;
				MTL_ENABLE_DEBUG_INFO = NO;
				MTL_FAST_MATH = YES;
				SDKROOT = iphoneos;
				SWIFT_COMPILATION_MODE = wholemodule;
				SWIFT_OPTIMIZATION_LEVEL = "-O";
				VALIDATE_PRODUCT = YES;
			};
			name = Release;
		};
		02E762D0280E8BCE00B82CC6 /* Debug */ = {
			isa = XCBuildConfiguration;
			buildSettings = {
				ASSETCATALOG_COMPILER_APPICON_NAME = AppIcon;
				ASSETCATALOG_COMPILER_GLOBAL_ACCENT_COLOR_NAME = AccentColor;
				CODE_SIGN_STYLE = Automatic;
				CURRENT_PROJECT_VERSION = 1;
				DEVELOPMENT_ASSET_PATHS = "\"LifeCycleTest0419/Preview Content\"";
				DEVELOPMENT_TEAM = U33ANMXXTW;
				ENABLE_PREVIEWS = YES;
				GENERATE_INFOPLIST_FILE = YES;
				INFOPLIST_KEY_NSFaceIDUsageDescription = "需要人脸识别登陆";
				INFOPLIST_KEY_UIApplicationSceneManifest_Generation = YES;
				INFOPLIST_KEY_UIApplicationSupportsIndirectInputEvents = YES;
				INFOPLIST_KEY_UILaunchScreen_Generation = YES;
				INFOPLIST_KEY_UISupportedInterfaceOrientations_iPad = "UIInterfaceOrientationPortrait UIInterfaceOrientationPortraitUpsideDown UIInterfaceOrientationLandscapeLeft UIInterfaceOrientationLandscapeRight";
				INFOPLIST_KEY_UISupportedInterfaceOrientations_iPhone = "UIInterfaceOrientationPortrait UIInterfaceOrientationLandscapeLeft UIInterfaceOrientationLandscapeRight";
				LD_RUNPATH_SEARCH_PATHS = (
					"$(inherited)",
					"@executable_path/Frameworks",
				);
				MARKETING_VERSION = 1.0;
				PRODUCT_BUNDLE_IDENTIFIER = zyf.LifeCycleTest0419;
				PRODUCT_NAME = "$(TARGET_NAME)";
				SWIFT_EMIT_LOC_STRINGS = YES;
				SWIFT_VERSION = 5.0;
				TARGETED_DEVICE_FAMILY = "1,2";
			};
			name = Debug;
		};
		02E762D1280E8BCE00B82CC6 /* Release */ = {
			isa = XCBuildConfiguration;
			buildSettings = {
				ASSETCATALOG_COMPILER_APPICON_NAME = AppIcon;
				ASSETCATALOG_COMPILER_GLOBAL_ACCENT_COLOR_NAME = AccentColor;
				CODE_SIGN_STYLE = Automatic;
				CURRENT_PROJECT_VERSION = 1;
				DEVELOPMENT_ASSET_PATHS = "\"LifeCycleTest0419/Preview Content\"";
				DEVELOPMENT_TEAM = U33ANMXXTW;
				ENABLE_PREVIEWS = YES;
				GENERATE_INFOPLIST_FILE = YES;
				INFOPLIST_KEY_NSFaceIDUsageDescription = "需要人脸识别登陆";
				INFOPLIST_KEY_UIApplicationSceneManifest_Generation = YES;
				INFOPLIST_KEY_UIApplicationSupportsIndirectInputEvents = YES;
				INFOPLIST_KEY_UILaunchScreen_Generation = YES;
				INFOPLIST_KEY_UISupportedInterfaceOrientations_iPad = "UIInterfaceOrientationPortrait UIInterfaceOrientationPortraitUpsideDown UIInterfaceOrientationLandscapeLeft UIInterfaceOrientationLandscapeRight";
				INFOPLIST_KEY_UISupportedInterfaceOrientations_iPhone = "UIInterfaceOrientationPortrait UIInterfaceOrientationLandscapeLeft UIInterfaceOrientationLandscapeRight";
				LD_RUNPATH_SEARCH_PATHS = (
					"$(inherited)",
					"@executable_path/Frameworks",
				);
				MARKETING_VERSION = 1.0;
				PRODUCT_BUNDLE_IDENTIFIER = zyf.LifeCycleTest0419;
				PRODUCT_NAME = "$(TARGET_NAME)";
				SWIFT_EMIT_LOC_STRINGS = YES;
				SWIFT_VERSION = 5.0;
				TARGETED_DEVICE_FAMILY = "1,2";
			};
			name = Release;
		};
/* End XCBuildConfiguration section */

/* Begin XCConfigurationList section */
		02E762BC280E8BCC00B82CC6 /* Build configuration list for PBXProject "LifeCycleTest0419" */ = {
			isa = XCConfigurationList;
			buildConfigurations = (
				02E762CD280E8BCE00B82CC6 /* Debug */,
				02E762CE280E8BCE00B82CC6 /* Release */,
			);
			defaultConfigurationIsVisible = 0;
			defaultConfigurationName = Release;
		};
		02E762CF280E8BCE00B82CC6 /* Build configuration list for PBXNativeTarget "LifeCycleTest0419" */ = {
			isa = XCConfigurationList;
			buildConfigurations = (
				02E762D0280E8BCE00B82CC6 /* Debug */,
				02E762D1280E8BCE00B82CC6 /* Release */,
			);
			defaultConfigurationIsVisible = 0;
			defaultConfigurationName = Release;
		};
/* End XCConfigurationList section */
	};
	rootObject = 02E762B9280E8BCC00B82CC6 /* Project object */;
}
